
Microsoft Visual Studio Solution File, Format Version 12.00
# Visual Studio Version 17
VisualStudioVersion = 17.4.33213.308
MinimumVisualStudioVersion = 10.0.40219.1
Project("{FAE04EC0-301F-11D3-BF4B-00C04F79EFBC}") = "gNdgd.UI", "gNdgd.UI\gNdgd.UI.csproj", "{23B8A0DD-16BA-474A-9ACB-E5DD8082743B}"
EndProject
Global
	GlobalSection(SolutionConfigurationPlatforms) = preSolution
		Debug|Any CPU = Debug|Any CPU
		Release|Any CPU = Release|Any CPU
	EndGlobalSection
	GlobalSection(ProjectConfigurationPlatforms) = postSolution
		{23B8A0DD-16BA-474A-9ACB-E5DD8082743B}.Debug|Any CPU.ActiveCfg = Debug|Any CPU
		{23B8A0DD-16BA-474A-9ACB-E5DD8082743B}.Debug|Any CPU.Build.0 = Debug|Any CPU
		{23B8A0DD-16BA-474A-9ACB-E5DD8082743B}.Release|Any CPU.ActiveCfg = Release|Any CPU
		{23B8A0DD-16BA-474A-9ACB-E5DD8082743B}.Release|Any CPU.Build.0 = Release|Any CPU
	EndGlobalSection
	GlobalSection(SolutionProperties) = preSolution
		HideSolutionNode = FALSE
	EndGlobalSection
	GlobalSection(ExtensibilityGlobals) = postSolution
		SolutionGuid = {9DC7A873-E16D-4F89-87E6-53F4CB8CAA78}
	EndGlobalSection
EndGlobal
